
Microsoft Visual Studio Solution File, Format Version 12.00
# Visual Studio Version 16
VisualStudioVersion = 16.0.31729.503
MinimumVisualStudioVersion = 10.0.40219.1
Project("{FAE04EC0-301F-11D3-BF4B-00C04F79EFBC}") = "Tic Tac Toe", "Tic Tac Toe\Tic Tac Toe.csproj", "{270F1653-C060-4234-A6BB-672C70789448}"
EndProject
Global
	GlobalSection(SolutionConfigurationPlatforms) = preSolution
		Debug|Any CPU = Debug|Any CPU
		Release|Any CPU = Release|Any CPU
	EndGlobalSection
	GlobalSection(ProjectConfigurationPlatforms) = postSolution
		{270F1653-C060-4234-A6BB-672C70789448}.Debug|Any CPU.ActiveCfg = Debug|Any CPU
		{270F1653-C060-4234-A6BB-672C70789448}.Debug|Any CPU.Build.0 = Debug|Any CPU
		{270F1653-C060-4234-A6BB-672C70789448}.Release|Any CPU.ActiveCfg = Release|Any CPU
		{270F1653-C060-4234-A6BB-672C70789448}.Release|Any CPU.Build.0 = Release|Any CPU
	EndGlobalSection
	GlobalSection(SolutionProperties) = preSolution
		HideSolutionNode = FALSE
	EndGlobalSection
	GlobalSection(ExtensibilityGlobals) = postSolution
		SolutionGuid = {97DE3641-4EE4-4750-9B32-684433F631DB}
	EndGlobalSection
EndGlobal
